
Microsoft Visual Studio Solution File, Format Version 12.00
# Visual Studio 15
VisualStudioVersion = 15.0.27428.2005
MinimumVisualStudioVersion = 10.0.40219.1
Project("{FAE04EC0-301F-11D3-BF4B-00C04F79EFBC}") = "FlightTrail", "FlightTrail\FlightTrail.csproj", "{D7539D76-66C9-4D25-882E-7A101C35F11F}"
EndProject
Global
	GlobalSection(SolutionConfigurationPlatforms) = preSolution
		Debug|Any CPU = Debug|Any CPU
		Release|Any CPU = Release|Any CPU
	EndGlobalSection
	GlobalSection(ProjectConfigurationPlatforms) = postSolution
		{D7539D76-66C9-4D25-882E-7A101C35F11F}.Debug|Any CPU.ActiveCfg = Debug|Any CPU
		{D7539D76-66C9-4D25-882E-7A101C35F11F}.Debug|Any CPU.Build.0 = Debug|Any CPU
		{D7539D76-66C9-4D25-882E-7A101C35F11F}.Release|Any CPU.ActiveCfg = Release|Any CPU
		{D7539D76-66C9-4D25-882E-7A101C35F11F}.Release|Any CPU.Build.0 = Release|Any CPU
	EndGlobalSection
	GlobalSection(SolutionProperties) = preSolution
		HideSolutionNode = FALSE
	EndGlobalSection
	GlobalSection(ExtensibilityGlobals) = postSolution
		SolutionGuid = {7441F0EB-F0B5-4016-83E0-CD94B0D64860}
	EndGlobalSection
EndGlobal
